
Microsoft Visual Studio Solution File, Format Version 12.00
# Visual Studio Version 16
VisualStudioVersion = 16.0.31005.135
MinimumVisualStudioVersion = 10.0.40219.1
Project("{FAE04EC0-301F-11D3-BF4B-00C04F79EFBC}") = "Lab1Geometry", "Lab1Geometry.csproj", "{35D311A3-6022-4BC3-BB56-3DD783F2CFAA}"
EndProject
Global
	GlobalSection(SolutionConfigurationPlatforms) = preSolution
		Debug|Any CPU = Debug|Any CPU
		Release|Any CPU = Release|Any CPU
	EndGlobalSection
	GlobalSection(ProjectConfigurationPlatforms) = postSolution
		{35D311A3-6022-4BC3-BB56-3DD783F2CFAA}.Debug|Any CPU.ActiveCfg = Debug|Any CPU
		{35D311A3-6022-4BC3-BB56-3DD783F2CFAA}.Debug|Any CPU.Build.0 = Debug|Any CPU
		{35D311A3-6022-4BC3-BB56-3DD783F2CFAA}.Release|Any CPU.ActiveCfg = Release|Any CPU
		{35D311A3-6022-4BC3-BB56-3DD783F2CFAA}.Release|Any CPU.Build.0 = Release|Any CPU
	EndGlobalSection
	GlobalSection(SolutionProperties) = preSolution
		HideSolutionNode = FALSE
	EndGlobalSection
	GlobalSection(ExtensibilityGlobals) = postSolution
		SolutionGuid = {EBC0BAE4-8E66-4E1E-818F-99858A33DCC4}
	EndGlobalSection
EndGlobal
